
Microsoft Visual Studio Solution File, Format Version 12.00
# Visual Studio Version 16
VisualStudioVersion = 16.0.29519.181
MinimumVisualStudioVersion = 10.0.40219.1
Project("{FAE04EC0-301F-11D3-BF4B-00C04F79EFBC}") = "DepartmentsEmployees", "DepartmentsEmployees\DepartmentsEmployees.csproj", "{80154803-FECA-41A5-9815-B4B4D22DA902}"
EndProject
Global
	GlobalSection(SolutionConfigurationPlatforms) = preSolution
		Debug|Any CPU = Debug|Any CPU
		Release|Any CPU = Release|Any CPU
	EndGlobalSection
	GlobalSection(ProjectConfigurationPlatforms) = postSolution
		{80154803-FECA-41A5-9815-B4B4D22DA902}.Debug|Any CPU.ActiveCfg = Debug|Any CPU
		{80154803-FECA-41A5-9815-B4B4D22DA902}.Debug|Any CPU.Build.0 = Debug|Any CPU
		{80154803-FECA-41A5-9815-B4B4D22DA902}.Release|Any CPU.ActiveCfg = Release|Any CPU
		{80154803-FECA-41A5-9815-B4B4D22DA902}.Release|Any CPU.Build.0 = Release|Any CPU
	EndGlobalSection
	GlobalSection(SolutionProperties) = preSolution
		HideSolutionNode = FALSE
	EndGlobalSection
	GlobalSection(ExtensibilityGlobals) = postSolution
		SolutionGuid = {72C2337E-8242-41EA-B93E-0872A7672A93}
	EndGlobalSection
EndGlobal
